
Microsoft Visual Studio Solution File, Format Version 12.00
# Visual Studio Version 17
VisualStudioVersion = 17.3.32825.248
MinimumVisualStudioVersion = 10.0.40219.1
Project("{FAE04EC0-301F-11D3-BF4B-00C04F79EFBC}") = "Ejercicios", "Ejercicios\Ejercicios.csproj", "{3FE7B21E-B0C0-444A-82C5-9A8D96427A6C}"
EndProject
Project("{FAE04EC0-301F-11D3-BF4B-00C04F79EFBC}") = "Ejercicio2", "Ejercicio2\Ejercicio2.csproj", "{0442D223-8F78-4DA7-A57A-41B593B21555}"
EndProject
Project("{FAE04EC0-301F-11D3-BF4B-00C04F79EFBC}") = "Ejercicio3", "Ejercicio3\Ejercicio3.csproj", "{96D10480-BCEF-439E-A672-5751C0A9B560}"
EndProject
Project("{FAE04EC0-301F-11D3-BF4B-00C04F79EFBC}") = "Ejercicio4", "Ejercicio4\Ejercicio4.csproj", "{F198283A-05E8-46DE-BCC7-FFF22210DB95}"
EndProject
Project("{FAE04EC0-301F-11D3-BF4B-00C04F79EFBC}") = "Ejercicio5", "Ejercicio5\Ejercicio5.csproj", "{7583BE47-AB2C-40A7-A55B-C2B88EF63E46}"
EndProject
Global
	GlobalSection(SolutionConfigurationPlatforms) = preSolution
		Debug|Any CPU = Debug|Any CPU
		Release|Any CPU = Release|Any CPU
	EndGlobalSection
	GlobalSection(ProjectConfigurationPlatforms) = postSolution
		{3FE7B21E-B0C0-444A-82C5-9A8D96427A6C}.Debug|Any CPU.ActiveCfg = Debug|Any CPU
		{3FE7B21E-B0C0-444A-82C5-9A8D96427A6C}.Debug|Any CPU.Build.0 = Debug|Any CPU
		{3FE7B21E-B0C0-444A-82C5-9A8D96427A6C}.Release|Any CPU.ActiveCfg = Release|Any CPU
		{3FE7B21E-B0C0-444A-82C5-9A8D96427A6C}.Release|Any CPU.Build.0 = Release|Any CPU
		{0442D223-8F78-4DA7-A57A-41B593B21555}.Debug|Any CPU.ActiveCfg = Debug|Any CPU
		{0442D223-8F78-4DA7-A57A-41B593B21555}.Debug|Any CPU.Build.0 = Debug|Any CPU
		{0442D223-8F78-4DA7-A57A-41B593B21555}.Release|Any CPU.ActiveCfg = Release|Any CPU
		{0442D223-8F78-4DA7-A57A-41B593B21555}.Release|Any CPU.Build.0 = Release|Any CPU
		{96D10480-BCEF-439E-A672-5751C0A9B560}.Debug|Any CPU.ActiveCfg = Debug|Any CPU
		{96D10480-BCEF-439E-A672-5751C0A9B560}.Debug|Any CPU.Build.0 = Debug|Any CPU
		{96D10480-BCEF-439E-A672-5751C0A9B560}.Release|Any CPU.ActiveCfg = Release|Any CPU
		{96D10480-BCEF-439E-A672-5751C0A9B560}.Release|Any CPU.Build.0 = Release|Any CPU
		{F198283A-05E8-46DE-BCC7-FFF22210DB95}.Debug|Any CPU.ActiveCfg = Debug|Any CPU
		{F198283A-05E8-46DE-BCC7-FFF22210DB95}.Debug|Any CPU.Build.0 = Debug|Any CPU
		{F198283A-05E8-46DE-BCC7-FFF22210DB95}.Release|Any CPU.ActiveCfg = Release|Any CPU
		{F198283A-05E8-46DE-BCC7-FFF22210DB95}.Release|Any CPU.Build.0 = Release|Any CPU
		{7583BE47-AB2C-40A7-A55B-C2B88EF63E46}.Debug|Any CPU.ActiveCfg = Debug|Any CPU
		{7583BE47-AB2C-40A7-A55B-C2B88EF63E46}.Debug|Any CPU.Build.0 = Debug|Any CPU
		{7583BE47-AB2C-40A7-A55B-C2B88EF63E46}.Release|Any CPU.ActiveCfg = Release|Any CPU
		{7583BE47-AB2C-40A7-A55B-C2B88EF63E46}.Release|Any CPU.Build.0 = Release|Any CPU
	EndGlobalSection
	GlobalSection(SolutionProperties) = preSolution
		HideSolutionNode = FALSE
	EndGlobalSection
	GlobalSection(ExtensibilityGlobals) = postSolution
		SolutionGuid = {14ABECDF-50FE-4E04-8911-9F2DD12BDCB5}
	EndGlobalSection
EndGlobal
